
Microsoft Visual Studio Solution File, Format Version 12.00
# Visual Studio Version 16
VisualStudioVersion = 16.0.31515.178
MinimumVisualStudioVersion = 10.0.40219.1
Project("{9A19103F-16F7-4668-BE54-9A1E7A4F7556}") = "SmtpClient", "SmtpClient\SmtpClient.csproj", "{D8758A88-260D-4A57-A5FF-5F1925F051B1}"
EndProject
Project("{9A19103F-16F7-4668-BE54-9A1E7A4F7556}") = "SmtpClient.Interlink", "SmtpClient.Interlink\SmtpClient.Interlink.csproj", "{E262D686-D441-4405-A1E3-BFBBD371D0FD}"
EndProject
Project("{2150E333-8FDC-42A3-9474-1A3956D46DE8}") = "Solution Items", "Solution Items", "{679FCBC2-2A3D-4F3F-B381-A1FBFC7070B6}"
	ProjectSection(SolutionItems) = preProject
		.editorconfig = .editorconfig
	EndProjectSection
EndProject
Global
	GlobalSection(SolutionConfigurationPlatforms) = preSolution
		Debug|Any CPU = Debug|Any CPU
		Release|Any CPU = Release|Any CPU
	EndGlobalSection
	GlobalSection(ProjectConfigurationPlatforms) = postSolution
		{D8758A88-260D-4A57-A5FF-5F1925F051B1}.Debug|Any CPU.ActiveCfg = Debug|Any CPU
		{D8758A88-260D-4A57-A5FF-5F1925F051B1}.Debug|Any CPU.Build.0 = Debug|Any CPU
		{D8758A88-260D-4A57-A5FF-5F1925F051B1}.Release|Any CPU.ActiveCfg = Release|Any CPU
		{D8758A88-260D-4A57-A5FF-5F1925F051B1}.Release|Any CPU.Build.0 = Release|Any CPU
		{E262D686-D441-4405-A1E3-BFBBD371D0FD}.Debug|Any CPU.ActiveCfg = Debug|Any CPU
		{E262D686-D441-4405-A1E3-BFBBD371D0FD}.Debug|Any CPU.Build.0 = Debug|Any CPU
		{E262D686-D441-4405-A1E3-BFBBD371D0FD}.Release|Any CPU.ActiveCfg = Release|Any CPU
		{E262D686-D441-4405-A1E3-BFBBD371D0FD}.Release|Any CPU.Build.0 = Release|Any CPU
	EndGlobalSection
	GlobalSection(SolutionProperties) = preSolution
		HideSolutionNode = FALSE
	EndGlobalSection
	GlobalSection(ExtensibilityGlobals) = postSolution
		SolutionGuid = {83D682AD-661D-48B5-9B95-7AAAC7F72F3E}
	EndGlobalSection
EndGlobal
